# THIS IS AN AUTOGENERATED FILE. DO NOT EDIT THIS FILE DIRECTLY.
# yarn lockfile v1


clipboard-polyfill@^4.0.0-rc1:
  version "4.0.0-rc1"
  resolved "https://registry.yarnpkg.com/clipboard-polyfill/-/clipboard-polyfill-4.0.0-rc1.tgz#a000ab25b1f582bca03667dc572854f1c8d92b04"
  integrity sha512-Cel03Es9ZgP6pYA2JT9cZ2VgvOH2/EHgB7jji84FpINBJWqfMEwiI1Y3LstVL+E43cm3CnCrLL2vwb9DMbr28A==
